
Microsoft Visual Studio Solution File, Format Version 12.00
# Visual Studio Version 16
VisualStudioVersion = 16.0.32413.511
MinimumVisualStudioVersion = 10.0.40219.1
Project("{8BC9CEB8-8B4A-11D0-8D11-00A0C91BC942}") = "Oligo-case-string_Counter", "Oligo-case-string_Counter\Oligo-case-string_Counter.vcxproj", "{0F850B4A-92F1-4D8B-8969-A67A86DC1371}"
EndProject
Global
	GlobalSection(SolutionConfigurationPlatforms) = preSolution
		Debug|x64 = Debug|x64
		Debug|x86 = Debug|x86
		Release|x64 = Release|x64
		Release|x86 = Release|x86
	EndGlobalSection
	GlobalSection(ProjectConfigurationPlatforms) = postSolution
		{0F850B4A-92F1-4D8B-8969-A67A86DC1371}.Debug|x64.ActiveCfg = Debug|x64
		{0F850B4A-92F1-4D8B-8969-A67A86DC1371}.Debug|x64.Build.0 = Debug|x64
		{0F850B4A-92F1-4D8B-8969-A67A86DC1371}.Debug|x86.ActiveCfg = Debug|Win32
		{0F850B4A-92F1-4D8B-8969-A67A86DC1371}.Debug|x86.Build.0 = Debug|Win32
		{0F850B4A-92F1-4D8B-8969-A67A86DC1371}.Release|x64.ActiveCfg = Release|x64
		{0F850B4A-92F1-4D8B-8969-A67A86DC1371}.Release|x64.Build.0 = Release|x64
		{0F850B4A-92F1-4D8B-8969-A67A86DC1371}.Release|x86.ActiveCfg = Release|Win32
		{0F850B4A-92F1-4D8B-8969-A67A86DC1371}.Release|x86.Build.0 = Release|Win32
	EndGlobalSection
	GlobalSection(SolutionProperties) = preSolution
		HideSolutionNode = FALSE
	EndGlobalSection
	GlobalSection(ExtensibilityGlobals) = postSolution
		SolutionGuid = {832BAC0E-9CC7-4B13-B248-459FDA8AA430}
	EndGlobalSection
EndGlobal
